
Microsoft Visual Studio Solution File, Format Version 12.00
# Visual Studio Version 17
VisualStudioVersion = 17.5.002.0
MinimumVisualStudioVersion = 10.0.40219.1
Project("{9A19103F-16F7-4668-BE54-9A1E7A4F7556}") = "PlaywrightTests", "PlaywrightTests.csproj", "{921178FB-4B1C-4D5E-8D09-8810CEE83691}"
EndProject
Global
	GlobalSection(SolutionConfigurationPlatforms) = preSolution
		Debug|Any CPU = Debug|Any CPU
		Release|Any CPU = Release|Any CPU
	EndGlobalSection
	GlobalSection(ProjectConfigurationPlatforms) = postSolution
		{921178FB-4B1C-4D5E-8D09-8810CEE83691}.Debug|Any CPU.ActiveCfg = Debug|Any CPU
		{921178FB-4B1C-4D5E-8D09-8810CEE83691}.Debug|Any CPU.Build.0 = Debug|Any CPU
		{921178FB-4B1C-4D5E-8D09-8810CEE83691}.Release|Any CPU.ActiveCfg = Release|Any CPU
		{921178FB-4B1C-4D5E-8D09-8810CEE83691}.Release|Any CPU.Build.0 = Release|Any CPU
	EndGlobalSection
	GlobalSection(SolutionProperties) = preSolution
		HideSolutionNode = FALSE
	EndGlobalSection
	GlobalSection(ExtensibilityGlobals) = postSolution
		SolutionGuid = {4732A84A-F4C5-4058-AB74-C022F33583E8}
	EndGlobalSection
EndGlobal
